
Microsoft Visual Studio Solution File, Format Version 12.00
# Visual Studio Version 17
VisualStudioVersion = 17.7.34031.279
MinimumVisualStudioVersion = 10.0.40219.1
Project("{FAE04EC0-301F-11D3-BF4B-00C04F79EFBC}") = "una-lista-06-csharp", "una-lista-06-csharp.csproj", "{78409001-1A12-4EFA-AD44-173E198E0E88}"
EndProject
Global
	GlobalSection(SolutionConfigurationPlatforms) = preSolution
		Debug|Any CPU = Debug|Any CPU
		Release|Any CPU = Release|Any CPU
	EndGlobalSection
	GlobalSection(ProjectConfigurationPlatforms) = postSolution
		{78409001-1A12-4EFA-AD44-173E198E0E88}.Debug|Any CPU.ActiveCfg = Debug|Any CPU
		{78409001-1A12-4EFA-AD44-173E198E0E88}.Debug|Any CPU.Build.0 = Debug|Any CPU
		{78409001-1A12-4EFA-AD44-173E198E0E88}.Release|Any CPU.ActiveCfg = Release|Any CPU
		{78409001-1A12-4EFA-AD44-173E198E0E88}.Release|Any CPU.Build.0 = Release|Any CPU
	EndGlobalSection
	GlobalSection(SolutionProperties) = preSolution
		HideSolutionNode = FALSE
	EndGlobalSection
	GlobalSection(ExtensibilityGlobals) = postSolution
		SolutionGuid = {5EFA2D06-9630-41BD-9087-7F44EE1E1BF6}
	EndGlobalSection
EndGlobal
